
Microsoft Visual Studio Solution File, Format Version 11.00
# Visual Studio 2010
Project("{FAE04EC0-301F-11D3-BF4B-00C04F79EFBC}") = "moneyapp", "Assembly-CSharp.csproj", "{7C82C9DD-0043-B4EC-7EEF-F48167CC9DA4}"
EndProject
Project("{FAE04EC0-301F-11D3-BF4B-00C04F79EFBC}") = "moneyapp", "Assembly-CSharp-Editor.csproj", "{50392B88-0CEC-ADDD-8832-EDAE50C9CF56}"
EndProject
Global
	GlobalSection(SolutionConfigurationPlatforms) = preSolution
		Debug|Any CPU = Debug|Any CPU
		Release|Any CPU = Release|Any CPU
	EndGlobalSection
	GlobalSection(ProjectConfigurationPlatforms) = postSolution
		{7C82C9DD-0043-B4EC-7EEF-F48167CC9DA4}.Debug|Any CPU.ActiveCfg = Debug|Any CPU
		{7C82C9DD-0043-B4EC-7EEF-F48167CC9DA4}.Debug|Any CPU.Build.0 = Debug|Any CPU
		{7C82C9DD-0043-B4EC-7EEF-F48167CC9DA4}.Release|Any CPU.ActiveCfg = Release|Any CPU
		{7C82C9DD-0043-B4EC-7EEF-F48167CC9DA4}.Release|Any CPU.Build.0 = Release|Any CPU
		{50392B88-0CEC-ADDD-8832-EDAE50C9CF56}.Debug|Any CPU.ActiveCfg = Debug|Any CPU
		{50392B88-0CEC-ADDD-8832-EDAE50C9CF56}.Debug|Any CPU.Build.0 = Debug|Any CPU
		{50392B88-0CEC-ADDD-8832-EDAE50C9CF56}.Release|Any CPU.ActiveCfg = Release|Any CPU
		{50392B88-0CEC-ADDD-8832-EDAE50C9CF56}.Release|Any CPU.Build.0 = Release|Any CPU
	EndGlobalSection
	GlobalSection(SolutionProperties) = preSolution
		HideSolutionNode = FALSE
	EndGlobalSection
	GlobalSection(MonoDevelopProperties) = preSolution
		StartupItem = Assembly-CSharp.csproj
	EndGlobalSection
EndGlobal
